
Microsoft Visual Studio Solution File, Format Version 12.00
# Visual Studio Version 16
VisualStudioVersion = 16.0.31005.135
MinimumVisualStudioVersion = 10.0.40219.1
Project("{FAE04EC0-301F-11D3-BF4B-00C04F79EFBC}") = "RestaurantAPI", "RestaurantAPI.csproj", "{51600243-FC10-4DFF-9E20-EDD96D0CA302}"
EndProject
Global
	GlobalSection(SolutionConfigurationPlatforms) = preSolution
		Debug|Any CPU = Debug|Any CPU
		Release|Any CPU = Release|Any CPU
	EndGlobalSection
	GlobalSection(ProjectConfigurationPlatforms) = postSolution
		{51600243-FC10-4DFF-9E20-EDD96D0CA302}.Debug|Any CPU.ActiveCfg = Debug|Any CPU
		{51600243-FC10-4DFF-9E20-EDD96D0CA302}.Debug|Any CPU.Build.0 = Debug|Any CPU
		{51600243-FC10-4DFF-9E20-EDD96D0CA302}.Release|Any CPU.ActiveCfg = Release|Any CPU
		{51600243-FC10-4DFF-9E20-EDD96D0CA302}.Release|Any CPU.Build.0 = Release|Any CPU
	EndGlobalSection
	GlobalSection(SolutionProperties) = preSolution
		HideSolutionNode = FALSE
	EndGlobalSection
	GlobalSection(ExtensibilityGlobals) = postSolution
		SolutionGuid = {942962CE-8C1E-4D95-BE7F-A9C23041E9F6}
	EndGlobalSection
EndGlobal
